
Microsoft Visual Studio Solution File, Format Version 12.00
# Visual Studio Version 17
VisualStudioVersion = 17.10.34916.146
MinimumVisualStudioVersion = 10.0.40219.1
Project("{FAE04EC0-301F-11D3-BF4B-00C04F79EFBC}") = "blogs.api", "blogs.api\blogs.api.csproj", "{A69AD9FF-4043-4F89-AD7C-4A2C61706A40}"
EndProject
Global
	GlobalSection(SolutionConfigurationPlatforms) = preSolution
		Debug|Any CPU = Debug|Any CPU
		Release|Any CPU = Release|Any CPU
	EndGlobalSection
	GlobalSection(ProjectConfigurationPlatforms) = postSolution
		{A69AD9FF-4043-4F89-AD7C-4A2C61706A40}.Debug|Any CPU.ActiveCfg = Debug|Any CPU
		{A69AD9FF-4043-4F89-AD7C-4A2C61706A40}.Debug|Any CPU.Build.0 = Debug|Any CPU
		{A69AD9FF-4043-4F89-AD7C-4A2C61706A40}.Release|Any CPU.ActiveCfg = Release|Any CPU
		{A69AD9FF-4043-4F89-AD7C-4A2C61706A40}.Release|Any CPU.Build.0 = Release|Any CPU
	EndGlobalSection
	GlobalSection(SolutionProperties) = preSolution
		HideSolutionNode = FALSE
	EndGlobalSection
	GlobalSection(ExtensibilityGlobals) = postSolution
		SolutionGuid = {14EA5A92-4C07-42DD-9FF0-6C3BB97D4EA6}
	EndGlobalSection
EndGlobal
